{
  "originHash" : "6f81819b730145f7640e3ade2a08ced0672b90a23e76d315c092f04f0725226b",
  "pins" : [
    {
      "identity" : "generative-ai-swift",
      "kind" : "remoteSourceControl",
      "location" : "https://github.com/google-gemini/generative-ai-swift",
      "state" : {
        "revision" : "44b8ce120425f9cf53ca756f3434ca2c2696f8bd",
        "version" : "0.5.6"
      }
    },
    {
      "identity" : "openai",
      "kind" : "remoteSourceControl",
      "location" : "https://github.com/MacPaw/OpenAI.git",
      "state" : {
        "revision" : "f5b55e19b5a634d1c86ca4f77e614ffd19d5fc1d",
        "version" : "0.3.9"
      }
    }
  ],
  "version" : 3
}
